# This is a Gradle generated file for dependency locking.
# Manual edits can break the build and are not advised.
# This file is expected to be part of source control.
io.github.java-diff-utils:java-diff-utils:4.12=kotlinInternalAbiValidation
org.jetbrains.kotlin:abi-tools-api:2.3.21=kotlinInternalAbiValidation
org.jetbrains.kotlin:abi-tools:2.3.21=kotlinInternalAbiValidation
org.jetbrains.kotlin:kotlin-build-tools-api:2.3.21=kotlinBuildToolsApiClasspath,kotlinCompilerClasspath
org.jetbrains.kotlin:kotlin-build-tools-compat:2.3.21=kotlinBuildToolsApiClasspath,kotlinCompilerClasspath
org.jetbrains.kotlin:kotlin-build-tools-cri-impl:2.3.21=kotlinBuildToolsApiClasspath,kotlinCompilerClasspath
org.jetbrains.kotlin:kotlin-build-tools-impl:2.3.21=kotlinBuildToolsApiClasspath,kotlinCompilerClasspath
org.jetbrains.kotlin:kotlin-compiler-embeddable:2.3.21=kotlinBuildToolsApiClasspath,kotlinCompilerClasspath,kotlinKlibCommonizerClasspath
org.jetbrains.kotlin:kotlin-compiler-runner:2.3.21=kotlinBuildToolsApiClasspath,kotlinCompilerClasspath
org.jetbrains.kotlin:kotlin-daemon-client:2.3.21=kotlinBuildToolsApiClasspath,kotlinCompilerClasspath
org.jetbrains.kotlin:kotlin-daemon-embeddable:2.3.21=kotlinBuildToolsApiClasspath,kotlinCompilerClasspath,kotlinKlibCommonizerClasspath
org.jetbrains.kotlin:kotlin-dom-api-compat:2.3.21=allSourceSetsCompileDependenciesMetadata,allTestSourceSetsCompileDependenciesMetadata,jsCompileClasspath,jsMainResolvableDependenciesMetadata,jsNpmAggregated,jsRuntimeClasspath,jsTestCompileClasspath,jsTestNpmAggregated,jsTestResolvableDependenciesMetadata,jsTestRuntimeClasspath
org.jetbrains.kotlin:kotlin-klib-abi-reader:2.3.21=kotlinInternalAbiValidation
org.jetbrains.kotlin:kotlin-klib-commonizer-embeddable:2.3.21=kotlinKlibCommonizerClasspath
org.jetbrains.kotlin:kotlin-metadata-jvm:2.3.21=kotlinInternalAbiValidation
org.jetbrains.kotlin:kotlin-reflect:1.6.10=kotlinBuildToolsApiClasspath,kotlinCompilerClasspath,kotlinKlibCommonizerClasspath
org.jetbrains.kotlin:kotlin-script-runtime:2.3.21=kotlinBuildToolsApiClasspath,kotlinCompilerClasspath,kotlinCompilerPluginClasspathJsMain,kotlinCompilerPluginClasspathJsTest,kotlinCompilerPluginClasspathMetadataCommonMain,kotlinCompilerPluginClasspathMetadataMain,kotlinCompilerPluginClasspathMetadataWebMain,kotlinCompilerPluginClasspathWasmJsMain,kotlinCompilerPluginClasspathWasmJsTest,kotlinKlibCommonizerClasspath
org.jetbrains.kotlin:kotlin-scripting-common:2.3.21=kotlinCompilerPluginClasspathJsMain,kotlinCompilerPluginClasspathJsTest,kotlinCompilerPluginClasspathMetadataCommonMain,kotlinCompilerPluginClasspathMetadataMain,kotlinCompilerPluginClasspathMetadataWebMain,kotlinCompilerPluginClasspathWasmJsMain,kotlinCompilerPluginClasspathWasmJsTest
org.jetbrains.kotlin:kotlin-scripting-compiler-embeddable:2.3.21=kotlinCompilerPluginClasspathJsMain,kotlinCompilerPluginClasspathJsTest,kotlinCompilerPluginClasspathMetadataCommonMain,kotlinCompilerPluginClasspathMetadataMain,kotlinCompilerPluginClasspathMetadataWebMain,kotlinCompilerPluginClasspathWasmJsMain,kotlinCompilerPluginClasspathWasmJsTest
org.jetbrains.kotlin:kotlin-scripting-compiler-impl-embeddable:2.3.21=kotlinCompilerPluginClasspathJsMain,kotlinCompilerPluginClasspathJsTest,kotlinCompilerPluginClasspathMetadataCommonMain,kotlinCompilerPluginClasspathMetadataMain,kotlinCompilerPluginClasspathMetadataWebMain,kotlinCompilerPluginClasspathWasmJsMain,kotlinCompilerPluginClasspathWasmJsTest
org.jetbrains.kotlin:kotlin-scripting-jvm:2.3.21=kotlinCompilerPluginClasspathJsMain,kotlinCompilerPluginClasspathJsTest,kotlinCompilerPluginClasspathMetadataCommonMain,kotlinCompilerPluginClasspathMetadataMain,kotlinCompilerPluginClasspathMetadataWebMain,kotlinCompilerPluginClasspathWasmJsMain,kotlinCompilerPluginClasspathWasmJsTest
org.jetbrains.kotlin:kotlin-serialization-compiler-plugin-embeddable:2.3.21=kotlinCompilerPluginClasspathJsMain,kotlinCompilerPluginClasspathJsTest,kotlinCompilerPluginClasspathMetadataCommonMain,kotlinCompilerPluginClasspathMetadataMain,kotlinCompilerPluginClasspathMetadataWebMain,kotlinCompilerPluginClasspathWasmJsMain,kotlinCompilerPluginClasspathWasmJsTest
org.jetbrains.kotlin:kotlin-stdlib-common:2.3.21=allSourceSetsCompileDependenciesMetadata,allTestSourceSetsCompileDependenciesMetadata,commonMainResolvableDependenciesMetadata,commonTestResolvableDependenciesMetadata,jsMainResolvableDependenciesMetadata,jsTestResolvableDependenciesMetadata,metadataCommonMainCompileClasspath,metadataCompileClasspath,metadataWebMainCompileClasspath,wasmJsMainResolvableDependenciesMetadata,wasmJsTestResolvableDependenciesMetadata,webMainResolvableDependenciesMetadata,webTestResolvableDependenciesMetadata
org.jetbrains.kotlin:kotlin-stdlib-js:2.3.21=jsCompileClasspath,jsNpmAggregated,jsRuntimeClasspath,jsTestCompileClasspath,jsTestNpmAggregated,jsTestRuntimeClasspath
org.jetbrains.kotlin:kotlin-stdlib-wasm-js:2.3.21=wasmJsCompileClasspath,wasmJsNpmAggregated,wasmJsRuntimeClasspath,wasmJsTestCompileClasspath,wasmJsTestNpmAggregated,wasmJsTestRuntimeClasspath
org.jetbrains.kotlin:kotlin-stdlib:2.3.21=allSourceSetsCompileDependenciesMetadata,allTestSourceSetsCompileDependenciesMetadata,commonMainResolvableDependenciesMetadata,commonTestResolvableDependenciesMetadata,jsCompileClasspath,jsMainResolvableDependenciesMetadata,jsNpmAggregated,jsRuntimeClasspath,jsTestCompileClasspath,jsTestNpmAggregated,jsTestResolvableDependenciesMetadata,jsTestRuntimeClasspath,kotlinBuildToolsApiClasspath,kotlinCompilerClasspath,kotlinCompilerPluginClasspathJsMain,kotlinCompilerPluginClasspathJsTest,kotlinCompilerPluginClasspathMetadataCommonMain,kotlinCompilerPluginClasspathMetadataMain,kotlinCompilerPluginClasspathMetadataWebMain,kotlinCompilerPluginClasspathWasmJsMain,kotlinCompilerPluginClasspathWasmJsTest,kotlinInternalAbiValidation,kotlinKlibCommonizerClasspath,metadataCommonMainCompileClasspath,metadataCompileClasspath,metadataWebMainCompileClasspath,wasmJsCompileClasspath,wasmJsMainResolvableDependenciesMetadata,wasmJsNpmAggregated,wasmJsRuntimeClasspath,wasmJsTestCompileClasspath,wasmJsTestNpmAggregated,wasmJsTestResolvableDependenciesMetadata,wasmJsTestRuntimeClasspath,webMainResolvableDependenciesMetadata,webTestResolvableDependenciesMetadata
org.jetbrains.kotlin:kotlin-test-js:2.3.21=jsTestCompileClasspath,jsTestNpmAggregated,jsTestRuntimeClasspath
org.jetbrains.kotlin:kotlin-test-wasm-js:2.3.21=wasmJsTestCompileClasspath,wasmJsTestNpmAggregated,wasmJsTestRuntimeClasspath
org.jetbrains.kotlin:kotlin-test:2.3.21=allTestSourceSetsCompileDependenciesMetadata,commonTestResolvableDependenciesMetadata,jsTestCompileClasspath,jsTestNpmAggregated,jsTestResolvableDependenciesMetadata,jsTestRuntimeClasspath,wasmJsTestCompileClasspath,wasmJsTestNpmAggregated,wasmJsTestResolvableDependenciesMetadata,wasmJsTestRuntimeClasspath,webTestResolvableDependenciesMetadata
org.jetbrains.kotlin:kotlin-tooling-core:2.3.21=kotlinBuildToolsApiClasspath,kotlinCompilerClasspath
org.jetbrains.kotlinx:atomicfu-js:0.26.1=jsCompileClasspath,jsNpmAggregated,jsRuntimeClasspath,jsTestCompileClasspath,jsTestNpmAggregated,jsTestRuntimeClasspath
org.jetbrains.kotlinx:atomicfu-wasm-js:0.26.1=wasmJsCompileClasspath,wasmJsNpmAggregated,wasmJsRuntimeClasspath,wasmJsTestCompileClasspath,wasmJsTestNpmAggregated,wasmJsTestRuntimeClasspath
org.jetbrains.kotlinx:atomicfu:0.23.1=allSourceSetsCompileDependenciesMetadata,allTestSourceSetsCompileDependenciesMetadata,commonMainResolvableDependenciesMetadata,commonTestResolvableDependenciesMetadata,jsMainResolvableDependenciesMetadata,jsTestResolvableDependenciesMetadata,metadataCommonMainCompileClasspath,metadataCompileClasspath,metadataWebMainCompileClasspath,wasmJsMainResolvableDependenciesMetadata,wasmJsTestResolvableDependenciesMetadata,webMainResolvableDependenciesMetadata,webTestResolvableDependenciesMetadata
org.jetbrains.kotlinx:atomicfu:0.26.1=jsCompileClasspath,jsNpmAggregated,jsRuntimeClasspath,jsTestCompileClasspath,jsTestNpmAggregated,jsTestRuntimeClasspath,wasmJsCompileClasspath,wasmJsNpmAggregated,wasmJsRuntimeClasspath,wasmJsTestCompileClasspath,wasmJsTestNpmAggregated,wasmJsTestRuntimeClasspath
org.jetbrains.kotlinx:kotlinx-coroutines-core-js:1.10.2=jsCompileClasspath,jsNpmAggregated,jsRuntimeClasspath,jsTestCompileClasspath,jsTestNpmAggregated,jsTestRuntimeClasspath
org.jetbrains.kotlinx:kotlinx-coroutines-core-jvm:1.8.0=kotlinBuildToolsApiClasspath,kotlinCompilerClasspath,kotlinKlibCommonizerClasspath
org.jetbrains.kotlinx:kotlinx-coroutines-core-wasm-js:1.10.2=wasmJsCompileClasspath,wasmJsNpmAggregated,wasmJsRuntimeClasspath,wasmJsTestCompileClasspath,wasmJsTestNpmAggregated,wasmJsTestRuntimeClasspath
org.jetbrains.kotlinx:kotlinx-coroutines-core:1.10.2=allSourceSetsCompileDependenciesMetadata,allTestSourceSetsCompileDependenciesMetadata,commonMainResolvableDependenciesMetadata,commonTestResolvableDependenciesMetadata,jsCompileClasspath,jsMainResolvableDependenciesMetadata,jsNpmAggregated,jsRuntimeClasspath,jsTestCompileClasspath,jsTestNpmAggregated,jsTestResolvableDependenciesMetadata,jsTestRuntimeClasspath,metadataCommonMainCompileClasspath,metadataCompileClasspath,metadataWebMainCompileClasspath,wasmJsCompileClasspath,wasmJsMainResolvableDependenciesMetadata,wasmJsNpmAggregated,wasmJsRuntimeClasspath,wasmJsTestCompileClasspath,wasmJsTestNpmAggregated,wasmJsTestResolvableDependenciesMetadata,wasmJsTestRuntimeClasspath,webMainResolvableDependenciesMetadata,webTestResolvableDependenciesMetadata
org.jetbrains.kotlinx:kotlinx-coroutines-test-js:1.10.2=jsTestCompileClasspath,jsTestNpmAggregated,jsTestRuntimeClasspath
org.jetbrains.kotlinx:kotlinx-coroutines-test-wasm-js:1.10.2=wasmJsTestCompileClasspath,wasmJsTestNpmAggregated,wasmJsTestRuntimeClasspath
org.jetbrains.kotlinx:kotlinx-coroutines-test:1.10.2=allTestSourceSetsCompileDependenciesMetadata,commonTestResolvableDependenciesMetadata,jsTestCompileClasspath,jsTestNpmAggregated,jsTestResolvableDependenciesMetadata,jsTestRuntimeClasspath,wasmJsTestCompileClasspath,wasmJsTestNpmAggregated,wasmJsTestResolvableDependenciesMetadata,wasmJsTestRuntimeClasspath,webTestResolvableDependenciesMetadata
org.jetbrains.kotlinx:kotlinx-serialization-core-js:1.9.0=jsCompileClasspath,jsNpmAggregated,jsRuntimeClasspath,jsTestCompileClasspath,jsTestNpmAggregated,jsTestRuntimeClasspath
org.jetbrains.kotlinx:kotlinx-serialization-core-wasm-js:1.9.0=wasmJsCompileClasspath,wasmJsNpmAggregated,wasmJsRuntimeClasspath,wasmJsTestCompileClasspath,wasmJsTestNpmAggregated,wasmJsTestRuntimeClasspath
org.jetbrains.kotlinx:kotlinx-serialization-core:1.9.0=allSourceSetsCompileDependenciesMetadata,allTestSourceSetsCompileDependenciesMetadata,commonMainResolvableDependenciesMetadata,commonTestResolvableDependenciesMetadata,jsCompileClasspath,jsMainResolvableDependenciesMetadata,jsNpmAggregated,jsRuntimeClasspath,jsTestCompileClasspath,jsTestNpmAggregated,jsTestResolvableDependenciesMetadata,jsTestRuntimeClasspath,metadataCommonMainCompileClasspath,metadataCompileClasspath,metadataWebMainCompileClasspath,wasmJsCompileClasspath,wasmJsMainResolvableDependenciesMetadata,wasmJsNpmAggregated,wasmJsRuntimeClasspath,wasmJsTestCompileClasspath,wasmJsTestNpmAggregated,wasmJsTestResolvableDependenciesMetadata,wasmJsTestRuntimeClasspath,webMainResolvableDependenciesMetadata,webTestResolvableDependenciesMetadata
org.jetbrains.kotlinx:kotlinx-serialization-json-js:1.9.0=jsCompileClasspath,jsNpmAggregated,jsRuntimeClasspath,jsTestCompileClasspath,jsTestNpmAggregated,jsTestRuntimeClasspath
org.jetbrains.kotlinx:kotlinx-serialization-json-wasm-js:1.9.0=wasmJsCompileClasspath,wasmJsNpmAggregated,wasmJsRuntimeClasspath,wasmJsTestCompileClasspath,wasmJsTestNpmAggregated,wasmJsTestRuntimeClasspath
org.jetbrains.kotlinx:kotlinx-serialization-json:1.9.0=allSourceSetsCompileDependenciesMetadata,allTestSourceSetsCompileDependenciesMetadata,commonMainResolvableDependenciesMetadata,commonTestResolvableDependenciesMetadata,jsCompileClasspath,jsMainResolvableDependenciesMetadata,jsNpmAggregated,jsRuntimeClasspath,jsTestCompileClasspath,jsTestNpmAggregated,jsTestResolvableDependenciesMetadata,jsTestRuntimeClasspath,metadataCommonMainCompileClasspath,metadataCompileClasspath,metadataWebMainCompileClasspath,wasmJsCompileClasspath,wasmJsMainResolvableDependenciesMetadata,wasmJsNpmAggregated,wasmJsRuntimeClasspath,wasmJsTestCompileClasspath,wasmJsTestNpmAggregated,wasmJsTestResolvableDependenciesMetadata,wasmJsTestRuntimeClasspath,webMainResolvableDependenciesMetadata,webTestResolvableDependenciesMetadata
org.jetbrains:annotations:13.0=kotlinBuildToolsApiClasspath,kotlinCompilerClasspath,kotlinCompilerPluginClasspathJsMain,kotlinCompilerPluginClasspathJsTest,kotlinCompilerPluginClasspathMetadataCommonMain,kotlinCompilerPluginClasspathMetadataMain,kotlinCompilerPluginClasspathMetadataWebMain,kotlinCompilerPluginClasspathWasmJsMain,kotlinCompilerPluginClasspathWasmJsTest,kotlinInternalAbiValidation,kotlinKlibCommonizerClasspath
empty=commonMainImplementationDependenciesMetadata,commonTestImplementationDependenciesMetadata,jsMainImplementationDependenciesMetadata,jsTestImplementationDependenciesMetadata,kotlinCompilerPluginClasspath,kotlinNativeCompilerPluginClasspath,wasmJsMainImplementationDependenciesMetadata,wasmJsTestImplementationDependenciesMetadata,webMainImplementationDependenciesMetadata,webTestImplementationDependenciesMetadata
