# This is a Gradle generated file for dependency locking.
# Manual edits can break the build and are not advised.
# This file is expected to be part of source control.
com.fasterxml.jackson.core:jackson-core:2.16.1=jvmMainRuntimeClasspath,jvmRuntimeClasspath,jvmTestRuntimeClasspath
com.fasterxml.jackson:jackson-bom:2.16.1=jvmMainRuntimeClasspath,jvmRuntimeClasspath,jvmTestRuntimeClasspath
io.github.java-diff-utils:java-diff-utils:4.12=kotlinInternalAbiValidation
io.netty:netty-buffer:4.1.115.Final=jvmMainRuntimeClasspath,jvmRuntimeClasspath,jvmTestRuntimeClasspath
io.netty:netty-codec-dns:4.1.115.Final=jvmMainRuntimeClasspath,jvmRuntimeClasspath,jvmTestRuntimeClasspath
io.netty:netty-codec-http2:4.1.115.Final=jvmMainRuntimeClasspath,jvmRuntimeClasspath,jvmTestRuntimeClasspath
io.netty:netty-codec-http:4.1.115.Final=jvmMainRuntimeClasspath,jvmRuntimeClasspath,jvmTestRuntimeClasspath
io.netty:netty-codec-socks:4.1.115.Final=jvmMainRuntimeClasspath,jvmRuntimeClasspath,jvmTestRuntimeClasspath
io.netty:netty-codec:4.1.115.Final=jvmMainRuntimeClasspath,jvmRuntimeClasspath,jvmTestRuntimeClasspath
io.netty:netty-common:4.1.115.Final=jvmMainRuntimeClasspath,jvmRuntimeClasspath,jvmTestRuntimeClasspath
io.netty:netty-handler-proxy:4.1.115.Final=jvmMainRuntimeClasspath,jvmRuntimeClasspath,jvmTestRuntimeClasspath
io.netty:netty-handler:4.1.115.Final=jvmMainRuntimeClasspath,jvmRuntimeClasspath,jvmTestRuntimeClasspath
io.netty:netty-resolver-dns:4.1.115.Final=jvmMainRuntimeClasspath,jvmRuntimeClasspath,jvmTestRuntimeClasspath
io.netty:netty-resolver:4.1.115.Final=jvmMainRuntimeClasspath,jvmRuntimeClasspath,jvmTestRuntimeClasspath
io.netty:netty-transport-native-unix-common:4.1.115.Final=jvmMainRuntimeClasspath,jvmRuntimeClasspath,jvmTestRuntimeClasspath
io.netty:netty-transport:4.1.115.Final=jvmMainRuntimeClasspath,jvmRuntimeClasspath,jvmTestRuntimeClasspath
io.vertx:vertx-core:4.5.11=jvmMainRuntimeClasspath,jvmRuntimeClasspath,jvmTestRuntimeClasspath
io.vertx:vertx-lang-kotlin-coroutines:4.5.11=jvmMainRuntimeClasspath,jvmRuntimeClasspath,jvmTestRuntimeClasspath
org.apiguardian:apiguardian-api:1.1.2=jvmTestCompileClasspath
org.jetbrains.kotlin:abi-tools-api:2.3.21=kotlinInternalAbiValidation
org.jetbrains.kotlin:abi-tools:2.3.21=kotlinInternalAbiValidation
org.jetbrains.kotlin:kotlin-build-tools-api:2.3.21=kotlinBuildToolsApiClasspath,kotlinCompilerClasspath
org.jetbrains.kotlin:kotlin-build-tools-compat:2.3.21=kotlinBuildToolsApiClasspath,kotlinCompilerClasspath
org.jetbrains.kotlin:kotlin-build-tools-cri-impl:2.3.21=kotlinBuildToolsApiClasspath,kotlinCompilerClasspath
org.jetbrains.kotlin:kotlin-build-tools-impl:2.3.21=kotlinBuildToolsApiClasspath,kotlinCompilerClasspath
org.jetbrains.kotlin:kotlin-compiler-embeddable:2.3.21=kotlinBuildToolsApiClasspath,kotlinCompilerClasspath,kotlinKlibCommonizerClasspath
org.jetbrains.kotlin:kotlin-compiler-runner:2.3.21=kotlinBuildToolsApiClasspath,kotlinCompilerClasspath
org.jetbrains.kotlin:kotlin-daemon-client:2.3.21=kotlinBuildToolsApiClasspath,kotlinCompilerClasspath
org.jetbrains.kotlin:kotlin-daemon-embeddable:2.3.21=kotlinBuildToolsApiClasspath,kotlinCompilerClasspath,kotlinKlibCommonizerClasspath
org.jetbrains.kotlin:kotlin-klib-abi-reader:2.3.21=kotlinInternalAbiValidation
org.jetbrains.kotlin:kotlin-klib-commonizer-embeddable:2.3.21=kotlinKlibCommonizerClasspath
org.jetbrains.kotlin:kotlin-metadata-jvm:2.3.21=kotlinInternalAbiValidation
org.jetbrains.kotlin:kotlin-reflect:1.6.10=kotlinBuildToolsApiClasspath,kotlinCompilerClasspath,kotlinKlibCommonizerClasspath
org.jetbrains.kotlin:kotlin-script-runtime:2.3.21=kotlinBuildToolsApiClasspath,kotlinCompilerClasspath,kotlinCompilerPluginClasspathJvmMain,kotlinCompilerPluginClasspathJvmTest,kotlinCompilerPluginClasspathMetadataCommonMain,kotlinCompilerPluginClasspathMetadataMain,kotlinCompilerPluginClasspathWasmJsMain,kotlinCompilerPluginClasspathWasmJsTest,kotlinCompilerPluginClasspathWasmWasiMain,kotlinCompilerPluginClasspathWasmWasiTest,kotlinKlibCommonizerClasspath
org.jetbrains.kotlin:kotlin-scripting-common:2.3.21=kotlinCompilerPluginClasspathJvmMain,kotlinCompilerPluginClasspathJvmTest,kotlinCompilerPluginClasspathMetadataCommonMain,kotlinCompilerPluginClasspathMetadataMain,kotlinCompilerPluginClasspathWasmJsMain,kotlinCompilerPluginClasspathWasmJsTest,kotlinCompilerPluginClasspathWasmWasiMain,kotlinCompilerPluginClasspathWasmWasiTest
org.jetbrains.kotlin:kotlin-scripting-compiler-embeddable:2.3.21=kotlinCompilerPluginClasspathJvmMain,kotlinCompilerPluginClasspathJvmTest,kotlinCompilerPluginClasspathMetadataCommonMain,kotlinCompilerPluginClasspathMetadataMain,kotlinCompilerPluginClasspathWasmJsMain,kotlinCompilerPluginClasspathWasmJsTest,kotlinCompilerPluginClasspathWasmWasiMain,kotlinCompilerPluginClasspathWasmWasiTest
org.jetbrains.kotlin:kotlin-scripting-compiler-impl-embeddable:2.3.21=kotlinCompilerPluginClasspathJvmMain,kotlinCompilerPluginClasspathJvmTest,kotlinCompilerPluginClasspathMetadataCommonMain,kotlinCompilerPluginClasspathMetadataMain,kotlinCompilerPluginClasspathWasmJsMain,kotlinCompilerPluginClasspathWasmJsTest,kotlinCompilerPluginClasspathWasmWasiMain,kotlinCompilerPluginClasspathWasmWasiTest
org.jetbrains.kotlin:kotlin-scripting-jvm:2.3.21=kotlinCompilerPluginClasspathJvmMain,kotlinCompilerPluginClasspathJvmTest,kotlinCompilerPluginClasspathMetadataCommonMain,kotlinCompilerPluginClasspathMetadataMain,kotlinCompilerPluginClasspathWasmJsMain,kotlinCompilerPluginClasspathWasmJsTest,kotlinCompilerPluginClasspathWasmWasiMain,kotlinCompilerPluginClasspathWasmWasiTest
org.jetbrains.kotlin:kotlin-serialization-compiler-plugin-embeddable:2.3.21=kotlinCompilerPluginClasspathJvmMain,kotlinCompilerPluginClasspathJvmTest,kotlinCompilerPluginClasspathMetadataCommonMain,kotlinCompilerPluginClasspathMetadataMain,kotlinCompilerPluginClasspathWasmJsMain,kotlinCompilerPluginClasspathWasmJsTest,kotlinCompilerPluginClasspathWasmWasiMain,kotlinCompilerPluginClasspathWasmWasiTest
org.jetbrains.kotlin:kotlin-stdlib-jdk7:1.8.0=jvmMainRuntimeClasspath,jvmRuntimeClasspath,jvmTestRuntimeClasspath
org.jetbrains.kotlin:kotlin-stdlib-jdk8:1.8.0=jvmMainRuntimeClasspath,jvmRuntimeClasspath,jvmTestRuntimeClasspath
org.jetbrains.kotlin:kotlin-stdlib-wasm-js:2.3.21=wasmJsCompileClasspath,wasmJsNpmAggregated,wasmJsRuntimeClasspath,wasmJsTestCompileClasspath,wasmJsTestNpmAggregated,wasmJsTestRuntimeClasspath
org.jetbrains.kotlin:kotlin-stdlib-wasm-wasi:2.3.21=wasmWasiCompileClasspath,wasmWasiRuntimeClasspath,wasmWasiTestCompileClasspath,wasmWasiTestRuntimeClasspath
org.jetbrains.kotlin:kotlin-stdlib:2.3.21=allSourceSetsCompileDependenciesMetadata,allTestSourceSetsCompileDependenciesMetadata,commonMainResolvableDependenciesMetadata,commonTestResolvableDependenciesMetadata,jvmCompileClasspath,jvmMainCompileClasspath,jvmMainResolvableDependenciesMetadata,jvmMainRuntimeClasspath,jvmRuntimeClasspath,jvmTestCompileClasspath,jvmTestResolvableDependenciesMetadata,jvmTestRuntimeClasspath,kotlinBuildToolsApiClasspath,kotlinCompilerClasspath,kotlinCompilerPluginClasspathJvmMain,kotlinCompilerPluginClasspathJvmTest,kotlinCompilerPluginClasspathMetadataCommonMain,kotlinCompilerPluginClasspathMetadataMain,kotlinCompilerPluginClasspathWasmJsMain,kotlinCompilerPluginClasspathWasmJsTest,kotlinCompilerPluginClasspathWasmWasiMain,kotlinCompilerPluginClasspathWasmWasiTest,kotlinInternalAbiValidation,kotlinKlibCommonizerClasspath,metadataCommonMainCompileClasspath,metadataCompileClasspath,wasmJsCompileClasspath,wasmJsMainResolvableDependenciesMetadata,wasmJsNpmAggregated,wasmJsRuntimeClasspath,wasmJsTestCompileClasspath,wasmJsTestNpmAggregated,wasmJsTestResolvableDependenciesMetadata,wasmJsTestRuntimeClasspath,wasmWasiCompileClasspath,wasmWasiMainResolvableDependenciesMetadata,wasmWasiRuntimeClasspath,wasmWasiTestCompileClasspath,wasmWasiTestResolvableDependenciesMetadata,wasmWasiTestRuntimeClasspath,webMainResolvableDependenciesMetadata,webTestResolvableDependenciesMetadata
org.jetbrains.kotlin:kotlin-test-junit5:2.3.21=jvmTestCompileClasspath,jvmTestRuntimeClasspath
org.jetbrains.kotlin:kotlin-test-wasm-js:2.3.21=wasmJsTestCompileClasspath,wasmJsTestNpmAggregated,wasmJsTestRuntimeClasspath
org.jetbrains.kotlin:kotlin-test-wasm-wasi:2.3.21=wasmWasiTestCompileClasspath,wasmWasiTestRuntimeClasspath
org.jetbrains.kotlin:kotlin-test:2.3.21=allTestSourceSetsCompileDependenciesMetadata,commonTestResolvableDependenciesMetadata,jvmTestCompileClasspath,jvmTestResolvableDependenciesMetadata,jvmTestRuntimeClasspath,wasmJsTestCompileClasspath,wasmJsTestNpmAggregated,wasmJsTestResolvableDependenciesMetadata,wasmJsTestRuntimeClasspath,wasmWasiTestCompileClasspath,wasmWasiTestResolvableDependenciesMetadata,wasmWasiTestRuntimeClasspath,webTestResolvableDependenciesMetadata
org.jetbrains.kotlin:kotlin-tooling-core:2.3.21=kotlinBuildToolsApiClasspath,kotlinCompilerClasspath
org.jetbrains.kotlinx:atomicfu-jvm:0.30.0-beta=jvmCompileClasspath,jvmMainCompileClasspath,jvmMainRuntimeClasspath,jvmRuntimeClasspath,jvmTestCompileClasspath,jvmTestRuntimeClasspath
org.jetbrains.kotlinx:atomicfu-wasm-js:0.30.0-beta=wasmJsCompileClasspath,wasmJsNpmAggregated,wasmJsRuntimeClasspath,wasmJsTestCompileClasspath,wasmJsTestNpmAggregated,wasmJsTestRuntimeClasspath
org.jetbrains.kotlinx:atomicfu-wasm-wasi:0.30.0-beta=wasmWasiCompileClasspath,wasmWasiRuntimeClasspath,wasmWasiTestCompileClasspath,wasmWasiTestRuntimeClasspath
org.jetbrains.kotlinx:atomicfu:0.30.0-beta=allSourceSetsCompileDependenciesMetadata,allTestSourceSetsCompileDependenciesMetadata,commonMainResolvableDependenciesMetadata,commonTestResolvableDependenciesMetadata,jvmCompileClasspath,jvmMainCompileClasspath,jvmMainResolvableDependenciesMetadata,jvmMainRuntimeClasspath,jvmRuntimeClasspath,jvmTestCompileClasspath,jvmTestResolvableDependenciesMetadata,jvmTestRuntimeClasspath,metadataCommonMainCompileClasspath,metadataCompileClasspath,wasmJsCompileClasspath,wasmJsMainResolvableDependenciesMetadata,wasmJsNpmAggregated,wasmJsRuntimeClasspath,wasmJsTestCompileClasspath,wasmJsTestNpmAggregated,wasmJsTestResolvableDependenciesMetadata,wasmJsTestRuntimeClasspath,wasmWasiCompileClasspath,wasmWasiMainResolvableDependenciesMetadata,wasmWasiRuntimeClasspath,wasmWasiTestCompileClasspath,wasmWasiTestResolvableDependenciesMetadata,wasmWasiTestRuntimeClasspath,webMainResolvableDependenciesMetadata,webTestResolvableDependenciesMetadata
org.jetbrains.kotlinx:kotlinx-coroutines-bom:1.10.2=jvmCompileClasspath,jvmMainCompileClasspath,jvmMainRuntimeClasspath,jvmRuntimeClasspath,jvmTestCompileClasspath,jvmTestRuntimeClasspath
org.jetbrains.kotlinx:kotlinx-coroutines-core-jvm:1.10.2=jvmCompileClasspath,jvmMainCompileClasspath,jvmMainRuntimeClasspath,jvmRuntimeClasspath,jvmTestCompileClasspath,jvmTestRuntimeClasspath
org.jetbrains.kotlinx:kotlinx-coroutines-core-jvm:1.8.0=kotlinBuildToolsApiClasspath,kotlinCompilerClasspath,kotlinKlibCommonizerClasspath
org.jetbrains.kotlinx:kotlinx-coroutines-core-wasm-js:1.10.2=wasmJsCompileClasspath,wasmJsNpmAggregated,wasmJsRuntimeClasspath,wasmJsTestCompileClasspath,wasmJsTestNpmAggregated,wasmJsTestRuntimeClasspath
org.jetbrains.kotlinx:kotlinx-coroutines-core-wasm-wasi:1.10.2=wasmWasiCompileClasspath,wasmWasiRuntimeClasspath,wasmWasiTestCompileClasspath,wasmWasiTestRuntimeClasspath
org.jetbrains.kotlinx:kotlinx-coroutines-core:1.10.2=allSourceSetsCompileDependenciesMetadata,allTestSourceSetsCompileDependenciesMetadata,commonMainResolvableDependenciesMetadata,commonTestResolvableDependenciesMetadata,jvmCompileClasspath,jvmMainCompileClasspath,jvmMainResolvableDependenciesMetadata,jvmMainRuntimeClasspath,jvmRuntimeClasspath,jvmTestCompileClasspath,jvmTestResolvableDependenciesMetadata,jvmTestRuntimeClasspath,metadataCommonMainCompileClasspath,metadataCompileClasspath,wasmJsCompileClasspath,wasmJsMainResolvableDependenciesMetadata,wasmJsNpmAggregated,wasmJsRuntimeClasspath,wasmJsTestCompileClasspath,wasmJsTestNpmAggregated,wasmJsTestResolvableDependenciesMetadata,wasmJsTestRuntimeClasspath,wasmWasiCompileClasspath,wasmWasiMainResolvableDependenciesMetadata,wasmWasiRuntimeClasspath,wasmWasiTestCompileClasspath,wasmWasiTestResolvableDependenciesMetadata,wasmWasiTestRuntimeClasspath,webMainResolvableDependenciesMetadata,webTestResolvableDependenciesMetadata
org.jetbrains.kotlinx:kotlinx-coroutines-test-jvm:1.10.2=jvmTestCompileClasspath,jvmTestRuntimeClasspath
org.jetbrains.kotlinx:kotlinx-coroutines-test-wasm-js:1.10.2=wasmJsTestCompileClasspath,wasmJsTestNpmAggregated,wasmJsTestRuntimeClasspath
org.jetbrains.kotlinx:kotlinx-coroutines-test-wasm-wasi:1.10.2=wasmWasiTestCompileClasspath,wasmWasiTestRuntimeClasspath
org.jetbrains.kotlinx:kotlinx-coroutines-test:1.10.2=allTestSourceSetsCompileDependenciesMetadata,commonTestResolvableDependenciesMetadata,jvmTestCompileClasspath,jvmTestResolvableDependenciesMetadata,jvmTestRuntimeClasspath,wasmJsTestCompileClasspath,wasmJsTestNpmAggregated,wasmJsTestResolvableDependenciesMetadata,wasmJsTestRuntimeClasspath,wasmWasiTestCompileClasspath,wasmWasiTestResolvableDependenciesMetadata,wasmWasiTestRuntimeClasspath,webTestResolvableDependenciesMetadata
org.jetbrains.kotlinx:kotlinx-datetime-jvm:0.7.1=jvmMainRuntimeClasspath,jvmRuntimeClasspath,jvmTestRuntimeClasspath
org.jetbrains.kotlinx:kotlinx-datetime-wasm-js:0.7.1=wasmJsRuntimeClasspath,wasmJsTestRuntimeClasspath
org.jetbrains.kotlinx:kotlinx-datetime-wasm-wasi:0.7.1=wasmWasiRuntimeClasspath,wasmWasiTestRuntimeClasspath
org.jetbrains.kotlinx:kotlinx-datetime:0.7.1=jvmMainRuntimeClasspath,jvmRuntimeClasspath,jvmTestRuntimeClasspath,wasmJsRuntimeClasspath,wasmJsTestRuntimeClasspath,wasmWasiRuntimeClasspath,wasmWasiTestRuntimeClasspath
org.jetbrains.kotlinx:kotlinx-serialization-bom:1.9.0=jvmCompileClasspath,jvmMainCompileClasspath,jvmMainRuntimeClasspath,jvmRuntimeClasspath,jvmTestCompileClasspath,jvmTestRuntimeClasspath
org.jetbrains.kotlinx:kotlinx-serialization-cbor-jvm:1.9.0=jvmMainRuntimeClasspath,jvmRuntimeClasspath,jvmTestRuntimeClasspath
org.jetbrains.kotlinx:kotlinx-serialization-cbor-wasm-js:1.9.0=wasmJsRuntimeClasspath,wasmJsTestRuntimeClasspath
org.jetbrains.kotlinx:kotlinx-serialization-cbor-wasm-wasi:1.9.0=wasmWasiRuntimeClasspath,wasmWasiTestRuntimeClasspath
org.jetbrains.kotlinx:kotlinx-serialization-cbor:1.9.0=jvmMainRuntimeClasspath,jvmRuntimeClasspath,jvmTestRuntimeClasspath,wasmJsRuntimeClasspath,wasmJsTestRuntimeClasspath,wasmWasiRuntimeClasspath,wasmWasiTestRuntimeClasspath
org.jetbrains.kotlinx:kotlinx-serialization-core-jvm:1.9.0=jvmCompileClasspath,jvmMainCompileClasspath,jvmMainRuntimeClasspath,jvmRuntimeClasspath,jvmTestCompileClasspath,jvmTestRuntimeClasspath
org.jetbrains.kotlinx:kotlinx-serialization-core-wasm-js:1.9.0=wasmJsCompileClasspath,wasmJsNpmAggregated,wasmJsRuntimeClasspath,wasmJsTestCompileClasspath,wasmJsTestNpmAggregated,wasmJsTestRuntimeClasspath
org.jetbrains.kotlinx:kotlinx-serialization-core-wasm-wasi:1.9.0=wasmWasiCompileClasspath,wasmWasiRuntimeClasspath,wasmWasiTestCompileClasspath,wasmWasiTestRuntimeClasspath
org.jetbrains.kotlinx:kotlinx-serialization-core:1.9.0=allSourceSetsCompileDependenciesMetadata,allTestSourceSetsCompileDependenciesMetadata,commonMainResolvableDependenciesMetadata,commonTestResolvableDependenciesMetadata,jvmCompileClasspath,jvmMainCompileClasspath,jvmMainResolvableDependenciesMetadata,jvmMainRuntimeClasspath,jvmRuntimeClasspath,jvmTestCompileClasspath,jvmTestResolvableDependenciesMetadata,jvmTestRuntimeClasspath,metadataCommonMainCompileClasspath,metadataCompileClasspath,wasmJsCompileClasspath,wasmJsMainResolvableDependenciesMetadata,wasmJsNpmAggregated,wasmJsRuntimeClasspath,wasmJsTestCompileClasspath,wasmJsTestNpmAggregated,wasmJsTestResolvableDependenciesMetadata,wasmJsTestRuntimeClasspath,wasmWasiCompileClasspath,wasmWasiMainResolvableDependenciesMetadata,wasmWasiRuntimeClasspath,wasmWasiTestCompileClasspath,wasmWasiTestResolvableDependenciesMetadata,wasmWasiTestRuntimeClasspath,webMainResolvableDependenciesMetadata,webTestResolvableDependenciesMetadata
org.jetbrains.kotlinx:kotlinx-serialization-json-jvm:1.9.0=jvmCompileClasspath,jvmMainCompileClasspath,jvmMainRuntimeClasspath,jvmRuntimeClasspath,jvmTestCompileClasspath,jvmTestRuntimeClasspath
org.jetbrains.kotlinx:kotlinx-serialization-json-wasm-js:1.9.0=wasmJsCompileClasspath,wasmJsNpmAggregated,wasmJsRuntimeClasspath,wasmJsTestCompileClasspath,wasmJsTestNpmAggregated,wasmJsTestRuntimeClasspath
org.jetbrains.kotlinx:kotlinx-serialization-json-wasm-wasi:1.9.0=wasmWasiCompileClasspath,wasmWasiRuntimeClasspath,wasmWasiTestCompileClasspath,wasmWasiTestRuntimeClasspath
org.jetbrains.kotlinx:kotlinx-serialization-json:1.9.0=allSourceSetsCompileDependenciesMetadata,allTestSourceSetsCompileDependenciesMetadata,commonMainResolvableDependenciesMetadata,commonTestResolvableDependenciesMetadata,jvmCompileClasspath,jvmMainCompileClasspath,jvmMainResolvableDependenciesMetadata,jvmMainRuntimeClasspath,jvmRuntimeClasspath,jvmTestCompileClasspath,jvmTestResolvableDependenciesMetadata,jvmTestRuntimeClasspath,metadataCommonMainCompileClasspath,metadataCompileClasspath,wasmJsCompileClasspath,wasmJsMainResolvableDependenciesMetadata,wasmJsNpmAggregated,wasmJsRuntimeClasspath,wasmJsTestCompileClasspath,wasmJsTestNpmAggregated,wasmJsTestResolvableDependenciesMetadata,wasmJsTestRuntimeClasspath,wasmWasiCompileClasspath,wasmWasiMainResolvableDependenciesMetadata,wasmWasiRuntimeClasspath,wasmWasiTestCompileClasspath,wasmWasiTestResolvableDependenciesMetadata,wasmWasiTestRuntimeClasspath,webMainResolvableDependenciesMetadata,webTestResolvableDependenciesMetadata
org.jetbrains:annotations:13.0=kotlinBuildToolsApiClasspath,kotlinCompilerClasspath,kotlinCompilerPluginClasspathJvmMain,kotlinCompilerPluginClasspathJvmTest,kotlinCompilerPluginClasspathMetadataCommonMain,kotlinCompilerPluginClasspathMetadataMain,kotlinCompilerPluginClasspathWasmJsMain,kotlinCompilerPluginClasspathWasmJsTest,kotlinCompilerPluginClasspathWasmWasiMain,kotlinCompilerPluginClasspathWasmWasiTest,kotlinInternalAbiValidation,kotlinKlibCommonizerClasspath
org.jetbrains:annotations:23.0.0=jvmCompileClasspath,jvmMainCompileClasspath,jvmMainRuntimeClasspath,jvmRuntimeClasspath,jvmTestCompileClasspath,jvmTestRuntimeClasspath
org.junit.jupiter:junit-jupiter-api:5.10.1=jvmTestCompileClasspath,jvmTestRuntimeClasspath
org.junit.jupiter:junit-jupiter-engine:5.10.1=jvmTestRuntimeClasspath
org.junit.platform:junit-platform-commons:1.10.1=jvmTestCompileClasspath,jvmTestRuntimeClasspath
org.junit.platform:junit-platform-engine:1.10.1=jvmTestRuntimeClasspath
org.junit.platform:junit-platform-launcher:1.10.1=jvmTestRuntimeClasspath
org.junit:junit-bom:5.10.1=jvmTestCompileClasspath,jvmTestRuntimeClasspath
org.opentest4j:opentest4j:1.3.0=jvmTestCompileClasspath,jvmTestRuntimeClasspath
org.slf4j:slf4j-api:2.0.16=jvmMainRuntimeClasspath,jvmRuntimeClasspath,jvmTestRuntimeClasspath
empty=commonMainImplementationDependenciesMetadata,commonTestImplementationDependenciesMetadata,jvmMainAnnotationProcessor,jvmMainImplementationDependenciesMetadata,jvmTestAnnotationProcessor,jvmTestImplementationDependenciesMetadata,kotlinCompilerPluginClasspath,kotlinNativeCompilerPluginClasspath,kotlinScriptDefExtensions,testKotlinScriptDefExtensions,wasmJsMainImplementationDependenciesMetadata,wasmJsTestImplementationDependenciesMetadata,wasmWasiMainImplementationDependenciesMetadata,wasmWasiTestImplementationDependenciesMetadata,webMainImplementationDependenciesMetadata,webTestImplementationDependenciesMetadata
