# This is a Gradle generated file for dependency locking.
# Manual edits can break the build and are not advised.
# This file is expected to be part of source control.
com.auth0:java-jwt:4.4.0=jvmMainRuntimeClasspath,jvmRuntimeClasspath,jvmTestRuntimeClasspath
com.fasterxml.jackson.core:jackson-annotations:2.16.1=jvmMainRuntimeClasspath,jvmRuntimeClasspath,jvmTestRuntimeClasspath
com.fasterxml.jackson.core:jackson-core:2.16.1=jvmMainRuntimeClasspath,jvmRuntimeClasspath,jvmTestRuntimeClasspath
com.fasterxml.jackson.core:jackson-databind:2.16.1=jvmMainRuntimeClasspath,jvmRuntimeClasspath,jvmTestRuntimeClasspath
com.fasterxml.jackson:jackson-bom:2.16.1=jvmMainRuntimeClasspath,jvmRuntimeClasspath,jvmTestRuntimeClasspath
com.google.devtools.ksp:symbol-processing-api:2.3.9=allSourceSetsCompileDependenciesMetadata,allTestSourceSetsCompileDependenciesMetadata,commonTestResolvableDependenciesMetadata,jvmCompileClasspath,jvmMainCompileClasspath,jvmMainResolvableDependenciesMetadata,jvmMainRuntimeClasspath,jvmRuntimeClasspath,jvmTestCompileClasspath,jvmTestResolvableDependenciesMetadata,jvmTestRuntimeClasspath
com.squareup:kotlinpoet-jvm:1.18.1=jvmCompileClasspath,jvmMainCompileClasspath,jvmMainRuntimeClasspath,jvmRuntimeClasspath,jvmTestCompileClasspath,jvmTestRuntimeClasspath
com.squareup:kotlinpoet-ksp:1.18.1=allSourceSetsCompileDependenciesMetadata,allTestSourceSetsCompileDependenciesMetadata,commonTestResolvableDependenciesMetadata,jvmCompileClasspath,jvmMainCompileClasspath,jvmMainResolvableDependenciesMetadata,jvmMainRuntimeClasspath,jvmRuntimeClasspath,jvmTestCompileClasspath,jvmTestResolvableDependenciesMetadata,jvmTestRuntimeClasspath
com.squareup:kotlinpoet:1.18.1=allSourceSetsCompileDependenciesMetadata,allTestSourceSetsCompileDependenciesMetadata,commonTestResolvableDependenciesMetadata,jvmCompileClasspath,jvmMainCompileClasspath,jvmMainResolvableDependenciesMetadata,jvmMainRuntimeClasspath,jvmRuntimeClasspath,jvmTestCompileClasspath,jvmTestResolvableDependenciesMetadata,jvmTestRuntimeClasspath
com.zaxxer:HikariCP:6.2.1=jvmMainRuntimeClasspath,jvmRuntimeClasspath,jvmTestRuntimeClasspath
io.github.java-diff-utils:java-diff-utils:4.12=kotlinInternalAbiValidation
io.netty:netty-buffer:4.1.115.Final=jvmMainRuntimeClasspath,jvmRuntimeClasspath,jvmTestRuntimeClasspath
io.netty:netty-codec-dns:4.1.115.Final=jvmMainRuntimeClasspath,jvmRuntimeClasspath,jvmTestRuntimeClasspath
io.netty:netty-codec-http2:4.1.115.Final=jvmMainRuntimeClasspath,jvmRuntimeClasspath,jvmTestRuntimeClasspath
io.netty:netty-codec-http:4.1.115.Final=jvmMainRuntimeClasspath,jvmRuntimeClasspath,jvmTestRuntimeClasspath
io.netty:netty-codec-socks:4.1.115.Final=jvmMainRuntimeClasspath,jvmRuntimeClasspath,jvmTestRuntimeClasspath
io.netty:netty-codec:4.1.115.Final=jvmMainRuntimeClasspath,jvmRuntimeClasspath,jvmTestRuntimeClasspath
io.netty:netty-common:4.1.115.Final=jvmMainRuntimeClasspath,jvmRuntimeClasspath,jvmTestRuntimeClasspath
io.netty:netty-handler-proxy:4.1.115.Final=jvmMainRuntimeClasspath,jvmRuntimeClasspath,jvmTestRuntimeClasspath
io.netty:netty-handler:4.1.115.Final=jvmMainRuntimeClasspath,jvmRuntimeClasspath,jvmTestRuntimeClasspath
io.netty:netty-resolver-dns:4.1.115.Final=jvmMainRuntimeClasspath,jvmRuntimeClasspath,jvmTestRuntimeClasspath
io.netty:netty-resolver:4.1.115.Final=jvmMainRuntimeClasspath,jvmRuntimeClasspath,jvmTestRuntimeClasspath
io.netty:netty-transport-native-unix-common:4.1.115.Final=jvmMainRuntimeClasspath,jvmRuntimeClasspath,jvmTestRuntimeClasspath
io.netty:netty-transport:4.1.115.Final=jvmMainRuntimeClasspath,jvmRuntimeClasspath,jvmTestRuntimeClasspath
io.vertx:vertx-core:4.5.11=jvmMainRuntimeClasspath,jvmRuntimeClasspath,jvmTestRuntimeClasspath
io.vertx:vertx-lang-kotlin-coroutines:4.5.11=jvmMainRuntimeClasspath,jvmRuntimeClasspath,jvmTestRuntimeClasspath
io.vertx:vertx-pg-client:4.5.11=jvmMainRuntimeClasspath,jvmRuntimeClasspath,jvmTestRuntimeClasspath
io.vertx:vertx-sql-client:4.5.11=jvmMainRuntimeClasspath,jvmRuntimeClasspath,jvmTestRuntimeClasspath
junit:junit:4.13.2=jvmTestCompileClasspath,jvmTestRuntimeClasspath
org.checkerframework:checker-qual:3.42.0=jvmMainRuntimeClasspath,jvmRuntimeClasspath,jvmTestRuntimeClasspath
org.hamcrest:hamcrest-core:1.3=jvmTestCompileClasspath,jvmTestRuntimeClasspath
org.jetbrains.kotlin:abi-tools-api:2.3.21=kotlinInternalAbiValidation
org.jetbrains.kotlin:abi-tools:2.3.21=kotlinInternalAbiValidation
org.jetbrains.kotlin:kotlin-build-tools-api:2.3.21=kotlinBuildToolsApiClasspath,kotlinCompilerClasspath
org.jetbrains.kotlin:kotlin-build-tools-compat:2.3.21=kotlinBuildToolsApiClasspath,kotlinCompilerClasspath
org.jetbrains.kotlin:kotlin-build-tools-cri-impl:2.3.21=kotlinBuildToolsApiClasspath,kotlinCompilerClasspath
org.jetbrains.kotlin:kotlin-build-tools-impl:2.3.21=kotlinBuildToolsApiClasspath,kotlinCompilerClasspath
org.jetbrains.kotlin:kotlin-compiler-embeddable:2.3.21=kotlinBuildToolsApiClasspath,kotlinCompilerClasspath,kotlinKlibCommonizerClasspath
org.jetbrains.kotlin:kotlin-compiler-runner:2.3.21=kotlinBuildToolsApiClasspath,kotlinCompilerClasspath
org.jetbrains.kotlin:kotlin-daemon-client:2.3.21=kotlinBuildToolsApiClasspath,kotlinCompilerClasspath
org.jetbrains.kotlin:kotlin-daemon-embeddable:2.3.21=kotlinBuildToolsApiClasspath,kotlinCompilerClasspath,kotlinKlibCommonizerClasspath
org.jetbrains.kotlin:kotlin-klib-abi-reader:2.3.21=kotlinInternalAbiValidation
org.jetbrains.kotlin:kotlin-klib-commonizer-embeddable:2.3.21=kotlinKlibCommonizerClasspath
org.jetbrains.kotlin:kotlin-metadata-jvm:2.3.21=kotlinInternalAbiValidation
org.jetbrains.kotlin:kotlin-reflect:1.6.10=kotlinBuildToolsApiClasspath,kotlinCompilerClasspath,kotlinKlibCommonizerClasspath
org.jetbrains.kotlin:kotlin-reflect:2.0.0=jvmMainRuntimeClasspath,jvmRuntimeClasspath,jvmTestRuntimeClasspath
org.jetbrains.kotlin:kotlin-script-runtime:2.3.21=kotlinBuildToolsApiClasspath,kotlinCompilerClasspath,kotlinCompilerPluginClasspathJvmMain,kotlinCompilerPluginClasspathJvmTest,kotlinCompilerPluginClasspathMetadataMain,kotlinKlibCommonizerClasspath
org.jetbrains.kotlin:kotlin-scripting-common:2.3.21=kotlinCompilerPluginClasspathJvmMain,kotlinCompilerPluginClasspathJvmTest,kotlinCompilerPluginClasspathMetadataMain
org.jetbrains.kotlin:kotlin-scripting-compiler-embeddable:2.3.21=kotlinCompilerPluginClasspathJvmMain,kotlinCompilerPluginClasspathJvmTest,kotlinCompilerPluginClasspathMetadataMain
org.jetbrains.kotlin:kotlin-scripting-compiler-impl-embeddable:2.3.21=kotlinCompilerPluginClasspathJvmMain,kotlinCompilerPluginClasspathJvmTest,kotlinCompilerPluginClasspathMetadataMain
org.jetbrains.kotlin:kotlin-scripting-jvm:2.3.21=kotlinCompilerPluginClasspathJvmMain,kotlinCompilerPluginClasspathJvmTest,kotlinCompilerPluginClasspathMetadataMain
org.jetbrains.kotlin:kotlin-stdlib-jdk7:1.8.0=jvmMainRuntimeClasspath,jvmRuntimeClasspath,jvmTestRuntimeClasspath
org.jetbrains.kotlin:kotlin-stdlib-jdk8:1.8.0=jvmMainRuntimeClasspath,jvmRuntimeClasspath,jvmTestRuntimeClasspath
org.jetbrains.kotlin:kotlin-stdlib:2.3.21=allSourceSetsCompileDependenciesMetadata,allTestSourceSetsCompileDependenciesMetadata,commonMainResolvableDependenciesMetadata,commonTestResolvableDependenciesMetadata,jvmCompileClasspath,jvmMainCompileClasspath,jvmMainResolvableDependenciesMetadata,jvmMainRuntimeClasspath,jvmRuntimeClasspath,jvmTestCompileClasspath,jvmTestResolvableDependenciesMetadata,jvmTestRuntimeClasspath,kotlinBuildToolsApiClasspath,kotlinCompilerClasspath,kotlinCompilerPluginClasspathJvmMain,kotlinCompilerPluginClasspathJvmTest,kotlinCompilerPluginClasspathMetadataMain,kotlinInternalAbiValidation,kotlinKlibCommonizerClasspath,metadataCompileClasspath
org.jetbrains.kotlin:kotlin-test-junit:2.3.21=jvmTestCompileClasspath,jvmTestRuntimeClasspath
org.jetbrains.kotlin:kotlin-test:2.3.21=allTestSourceSetsCompileDependenciesMetadata,jvmTestCompileClasspath,jvmTestResolvableDependenciesMetadata,jvmTestRuntimeClasspath
org.jetbrains.kotlin:kotlin-tooling-core:2.3.21=kotlinBuildToolsApiClasspath,kotlinCompilerClasspath
org.jetbrains.kotlinx:atomicfu-jvm:0.30.0-beta=jvmMainRuntimeClasspath,jvmRuntimeClasspath,jvmTestRuntimeClasspath
org.jetbrains.kotlinx:atomicfu:0.30.0-beta=jvmMainRuntimeClasspath,jvmRuntimeClasspath,jvmTestRuntimeClasspath
org.jetbrains.kotlinx:kotlinx-coroutines-bom:1.10.2=jvmMainRuntimeClasspath,jvmRuntimeClasspath,jvmTestRuntimeClasspath
org.jetbrains.kotlinx:kotlinx-coroutines-core-jvm:1.10.2=jvmMainRuntimeClasspath,jvmRuntimeClasspath,jvmTestRuntimeClasspath
org.jetbrains.kotlinx:kotlinx-coroutines-core-jvm:1.8.0=kotlinBuildToolsApiClasspath,kotlinCompilerClasspath,kotlinKlibCommonizerClasspath
org.jetbrains.kotlinx:kotlinx-coroutines-core:1.10.2=jvmMainRuntimeClasspath,jvmRuntimeClasspath,jvmTestRuntimeClasspath
org.jetbrains.kotlinx:kotlinx-datetime-jvm:0.7.1=jvmMainRuntimeClasspath,jvmRuntimeClasspath,jvmTestRuntimeClasspath
org.jetbrains.kotlinx:kotlinx-datetime:0.7.1=jvmMainRuntimeClasspath,jvmRuntimeClasspath,jvmTestRuntimeClasspath
org.jetbrains.kotlinx:kotlinx-serialization-bom:1.9.0=jvmCompileClasspath,jvmMainCompileClasspath,jvmMainRuntimeClasspath,jvmRuntimeClasspath,jvmTestCompileClasspath,jvmTestRuntimeClasspath
org.jetbrains.kotlinx:kotlinx-serialization-cbor-jvm:1.9.0=jvmMainRuntimeClasspath,jvmRuntimeClasspath,jvmTestRuntimeClasspath
org.jetbrains.kotlinx:kotlinx-serialization-cbor:1.9.0=jvmMainRuntimeClasspath,jvmRuntimeClasspath,jvmTestRuntimeClasspath
org.jetbrains.kotlinx:kotlinx-serialization-core-jvm:1.9.0=jvmCompileClasspath,jvmMainCompileClasspath,jvmMainRuntimeClasspath,jvmRuntimeClasspath,jvmTestCompileClasspath,jvmTestRuntimeClasspath
org.jetbrains.kotlinx:kotlinx-serialization-core:1.9.0=allSourceSetsCompileDependenciesMetadata,allTestSourceSetsCompileDependenciesMetadata,commonTestResolvableDependenciesMetadata,jvmCompileClasspath,jvmMainCompileClasspath,jvmMainResolvableDependenciesMetadata,jvmMainRuntimeClasspath,jvmRuntimeClasspath,jvmTestCompileClasspath,jvmTestResolvableDependenciesMetadata,jvmTestRuntimeClasspath
org.jetbrains.kotlinx:kotlinx-serialization-json-jvm:1.9.0=jvmCompileClasspath,jvmMainCompileClasspath,jvmMainRuntimeClasspath,jvmRuntimeClasspath,jvmTestCompileClasspath,jvmTestRuntimeClasspath
org.jetbrains.kotlinx:kotlinx-serialization-json:1.9.0=allSourceSetsCompileDependenciesMetadata,allTestSourceSetsCompileDependenciesMetadata,commonTestResolvableDependenciesMetadata,jvmCompileClasspath,jvmMainCompileClasspath,jvmMainResolvableDependenciesMetadata,jvmMainRuntimeClasspath,jvmRuntimeClasspath,jvmTestCompileClasspath,jvmTestResolvableDependenciesMetadata,jvmTestRuntimeClasspath
org.jetbrains:annotations:13.0=jvmCompileClasspath,jvmMainCompileClasspath,jvmTestCompileClasspath,kotlinBuildToolsApiClasspath,kotlinCompilerClasspath,kotlinCompilerPluginClasspathJvmMain,kotlinCompilerPluginClasspathJvmTest,kotlinCompilerPluginClasspathMetadataMain,kotlinInternalAbiValidation,kotlinKlibCommonizerClasspath
org.jetbrains:annotations:23.0.0=jvmMainRuntimeClasspath,jvmRuntimeClasspath,jvmTestRuntimeClasspath
org.postgresql:postgresql:42.7.4=jvmMainRuntimeClasspath,jvmRuntimeClasspath,jvmTestRuntimeClasspath
org.slf4j:slf4j-api:2.0.16=jvmMainRuntimeClasspath,jvmRuntimeClasspath,jvmTestRuntimeClasspath
empty=commonMainImplementationDependenciesMetadata,commonTestImplementationDependenciesMetadata,jvmMainAnnotationProcessor,jvmMainImplementationDependenciesMetadata,jvmTestAnnotationProcessor,jvmTestImplementationDependenciesMetadata,kotlinCompilerPluginClasspath,kotlinNativeCompilerPluginClasspath,kotlinScriptDefExtensions,testKotlinScriptDefExtensions
